Microsoft Visual Studio Solution File, Format Version 12.00
# Visual Studio 15
VisualStudioVersion = 15.0.26430.13
MinimumVisualStudioVersion = 10.0.40219.1
Project("{FAE04EC0-301F-11D3-BF4B-00C04F79EFBC}") = "HumidityMonitorModels", "HumidityMonitorModels\HumidityMonitorModels.csproj", "{37A07589-8893-41A1-A840-670A1462F715}"
EndProject
Project("{FAE04EC0-301F-11D3-BF4B-00C04F79EFBC}") = "HumidityMonitorApp", "HumidityMonitorApp\HumidityMonitorApp.csproj", "{2FE222D0-D359-4405-9E3D-C386C8830288}"
EndProject
Project("{FAE04EC0-301F-11D3-BF4B-00C04F79EFBC}") = "HumidityMonitorApp.iOS", "iOS\HumidityMonitorApp.iOS.csproj", "{A6637609-9CE6-4BFD-A273-B586DAAA271D}"
EndProject
Project("{FAE04EC0-301F-11D3-BF4B-00C04F79EFBC}") = "HumidityMonitorApp.Droid", "Droid\HumidityMonitorApp.Droid.csproj", "{50D3F1F5-0EEB-4DBC-B473-6D48D2B9873D}"
EndProject
Project("{FAE04EC0-301F-11D3-BF4B-00C04F79EFBC}") = "HumidityMonitorApi", "HumidityMonitorApi\HumidityMonitorApi.csproj", "{5DB3B015-D0A3-4D6E-BE7F-2F89EE1BE837}"
EndProject
Project("{FAE04EC0-301F-11D3-BF4B-00C04F79EFBC}") = "HumidityLogger", "HumidityLogger\HumidityLogger.csproj", "{FFFD5DDA-5D79-4576-A9DD-7F46D2374AC9}"
EndProject
Project("{FAE04EC0-301F-11D3-BF4B-00C04F79EFBC}") = "HumidityLoggerActions", "HumidityLoggerActions\HumidityLoggerActions.csproj", "{647195C6-E969-49BC-ABEB-B30CE86690C2}"
EndProject
Project("{FAE04EC0-301F-11D3-BF4B-00C04F79EFBC}") = "HumidityLoggerActionsTest", "HumidityLoggerActionsTest\HumidityLoggerActionsTest.csproj", "{0DFA8D49-186E-4C5C-970F-9E10FA85E384}"
EndProject
Global
	GlobalSection(SolutionConfigurationPlatforms) = preSolution
		Debug|Any CPU = Debug|Any CPU
		Debug|ARM = Debug|ARM
		Debug|iPhone = Debug|iPhone
		Debug|iPhoneSimulator = Debug|iPhoneSimulator
		Debug|x64 = Debug|x64
		Debug|x86 = Debug|x86
		Release|Any CPU = Release|Any CPU
		Release|ARM = Release|ARM
		Release|iPhone = Release|iPhone
		Release|iPhoneSimulator = Release|iPhoneSimulator
		Release|x64 = Release|x64
		Release|x86 = Release|x86
	EndGlobalSection
	GlobalSection(ProjectConfigurationPlatforms) = postSolution
		{37A07589-8893-41A1-A840-670A1462F715}.Debug|Any CPU.ActiveCfg = Debug|Any CPU
		{37A07589-8893-41A1-A840-670A1462F715}.Debug|Any CPU.Build.0 = Debug|Any CPU
		{37A07589-8893-41A1-A840-670A1462F715}.Debug|ARM.ActiveCfg = Debug|Any CPU
		{37A07589-8893-41A1-A840-670A1462F715}.Debug|ARM.Build.0 = Debug|Any CPU
		{37A07589-8893-41A1-A840-670A1462F715}.Debug|iPhone.ActiveCfg = Debug|Any CPU
		{37A07589-8893-41A1-A840-670A1462F715}.Debug|iPhone.Build.0 = Debug|Any CPU
		{37A07589-8893-41A1-A840-670A1462F715}.Debug|iPhoneSimulator.ActiveCfg = Debug|Any CPU
		{37A07589-8893-41A1-A840-670A1462F715}.Debug|iPhoneSimulator.Build.0 = Debug|Any CPU
		{37A07589-8893-41A1-A840-670A1462F715}.Debug|x64.ActiveCfg = Debug|Any CPU
		{37A07589-8893-41A1-A840-670A1462F715}.Debug|x64.Build.0 = Debug|Any CPU
		{37A07589-8893-41A1-A840-670A1462F715}.Debug|x86.ActiveCfg = Debug|Any CPU
		{37A07589-8893-41A1-A840-670A1462F715}.Debug|x86.Build.0 = Debug|Any CPU
		{37A07589-8893-41A1-A840-670A1462F715}.Release|Any CPU.ActiveCfg = Release|Any CPU
		{37A07589-8893-41A1-A840-670A1462F715}.Release|Any CPU.Build.0 = Release|Any CPU
		{37A07589-8893-41A1-A840-670A1462F715}.Release|ARM.ActiveCfg = Release|Any CPU
		{37A07589-8893-41A1-A840-670A1462F715}.Release|ARM.Build.0 = Release|Any CPU
		{37A07589-8893-41A1-A840-670A1462F715}.Release|iPhone.ActiveCfg = Release|Any CPU
		{37A07589-8893-41A1-A840-670A1462F715}.Release|iPhone.Build.0 = Release|Any CPU
		{37A07589-8893-41A1-A840-670A1462F715}.Release|iPhoneSimulator.ActiveCfg = Release|Any CPU
		{37A07589-8893-41A1-A840-670A1462F715}.Release|iPhoneSimulator.Build.0 = Release|Any CPU
		{37A07589-8893-41A1-A840-670A1462F715}.Release|x64.ActiveCfg = Release|Any CPU
		{37A07589-8893-41A1-A840-670A1462F715}.Release|x64.Build.0 = Release|Any CPU
		{37A07589-8893-41A1-A840-670A1462F715}.Release|x86.ActiveCfg = Release|Any CPU
		{37A07589-8893-41A1-A840-670A1462F715}.Release|x86.Build.0 = Release|Any CPU
		{2FE222D0-D359-4405-9E3D-C386C8830288}.Debug|Any CPU.ActiveCfg = Debug|Any CPU
		{2FE222D0-D359-4405-9E3D-C386C8830288}.Debug|Any CPU.Build.0 = Debug|Any CPU
		{2FE222D0-D359-4405-9E3D-C386C8830288}.Debug|ARM.ActiveCfg = Debug|Any CPU
		{2FE222D0-D359-4405-9E3D-C386C8830288}.Debug|ARM.Build.0 = Debug|Any CPU
		{2FE222D0-D359-4405-9E3D-C386C8830288}.Debug|iPhone.ActiveCfg = Debug|Any CPU
		{2FE222D0-D359-4405-9E3D-C386C8830288}.Debug|iPhone.Build.0 = Debug|Any CPU
		{2FE222D0-D359-4405-9E3D-C386C8830288}.Debug|iPhoneSimulator.ActiveCfg = Debug|Any CPU
		{2FE222D0-D359-4405-9E3D-C386C8830288}.Debug|iPhoneSimulator.Build.0 = Debug|Any CPU
		{2FE222D0-D359-4405-9E3D-C386C8830288}.Debug|x64.ActiveCfg = Debug|Any CPU
		{2FE222D0-D359-4405-9E3D-C386C8830288}.Debug|x64.Build.0 = Debug|Any CPU
		{2FE222D0-D359-4405-9E3D-C386C8830288}.Debug|x86.ActiveCfg = Debug|Any CPU
		{2FE222D0-D359-4405-9E3D-C386C8830288}.Debug|x86.Build.0 = Debug|Any CPU
		{2FE222D0-D359-4405-9E3D-C386C8830288}.Release|Any CPU.ActiveCfg = Release|Any CPU
		{2FE222D0-D359-4405-9E3D-C386C8830288}.Release|Any CPU.Build.0 = Release|Any CPU
		{2FE222D0-D359-4405-9E3D-C386C8830288}.Release|ARM.ActiveCfg = Release|Any CPU
		{2FE222D0-D359-4405-9E3D-C386C8830288}.Release|ARM.Build.0 = Release|Any CPU
		{2FE222D0-D359-4405-9E3D-C386C8830288}.Release|iPhone.ActiveCfg = Release|Any CPU
		{2FE222D0-D359-4405-9E3D-C386C8830288}.Release|iPhone.Build.0 = Release|Any CPU
		{2FE222D0-D359-4405-9E3D-C386C8830288}.Release|iPhoneSimulator.ActiveCfg = Release|Any CPU
		{2FE222D0-D359-4405-9E3D-C386C8830288}.Release|iPhoneSimulator.Build.0 = Release|Any CPU
		{2FE222D0-D359-4405-9E3D-C386C8830288}.Release|x64.ActiveCfg = Release|Any CPU
		{2FE222D0-D359-4405-9E3D-C386C8830288}.Release|x64.Build.0 = Release|Any CPU
		{2FE222D0-D359-4405-9E3D-C386C8830288}.Release|x86.ActiveCfg = Release|Any CPU
		{2FE222D0-D359-4405-9E3D-C386C8830288}.Release|x86.Build.0 = Release|Any CPU
		{A6637609-9CE6-4BFD-A273-B586DAAA271D}.Debug|Any CPU.ActiveCfg = Debug|iPhoneSimulator
		{A6637609-9CE6-4BFD-A273-B586DAAA271D}.Debug|Any CPU.Build.0 = Debug|iPhoneSimulator
		{A6637609-9CE6-4BFD-A273-B586DAAA271D}.Debug|ARM.ActiveCfg = Debug|iPhoneSimulator
		{A6637609-9CE6-4BFD-A273-B586DAAA271D}.Debug|ARM.Build.0 = Debug|iPhoneSimulator
		{A6637609-9CE6-4BFD-A273-B586DAAA271D}.Debug|iPhone.ActiveCfg = Debug|iPhone
		{A6637609-9CE6-4BFD-A273-B586DAAA271D}.Debug|iPhone.Build.0 = Debug|iPhone
		{A6637609-9CE6-4BFD-A273-B586DAAA271D}.Debug|iPhoneSimulator.ActiveCfg = Debug|iPhoneSimulator
		{A6637609-9CE6-4BFD-A273-B586DAAA271D}.Debug|iPhoneSimulator.Build.0 = Debug|iPhoneSimulator
		{A6637609-9CE6-4BFD-A273-B586DAAA271D}.Debug|x64.ActiveCfg = Debug|iPhoneSimulator
		{A6637609-9CE6-4BFD-A273-B586DAAA271D}.Debug|x64.Build.0 = Debug|iPhoneSimulator
		{A6637609-9CE6-4BFD-A273-B586DAAA271D}.Debug|x86.ActiveCfg = Debug|iPhoneSimulator
		{A6637609-9CE6-4BFD-A273-B586DAAA271D}.Debug|x86.Build.0 = Debug|iPhoneSimulator
		{A6637609-9CE6-4BFD-A273-B586DAAA271D}.Release|Any CPU.ActiveCfg = Release|iPhone
		{A6637609-9CE6-4BFD-A273-B586DAAA271D}.Release|Any CPU.Build.0 = Release|iPhone
		{A6637609-9CE6-4BFD-A273-B586DAAA271D}.Release|ARM.ActiveCfg = Release|iPhone
		{A6637609-9CE6-4BFD-A273-B586DAAA271D}.Release|ARM.Build.0 = Release|iPhone
		{A6637609-9CE6-4BFD-A273-B586DAAA271D}.Release|iPhone.ActiveCfg = Release|iPhone
		{A6637609-9CE6-4BFD-A273-B586DAAA271D}.Release|iPhone.Build.0 = Release|iPhone
		{A6637609-9CE6-4BFD-A273-B586DAAA271D}.Release|iPhoneSimulator.ActiveCfg = Release|iPhoneSimulator
		{A6637609-9CE6-4BFD-A273-B586DAAA271D}.Release|iPhoneSimulator.Build.0 = Release|iPhoneSimulator
		{A6637609-9CE6-4BFD-A273-B586DAAA271D}.Release|x64.ActiveCfg = Release|iPhone
		{A6637609-9CE6-4BFD-A273-B586DAAA271D}.Release|x64.Build.0 = Release|iPhone
		{A6637609-9CE6-4BFD-A273-B586DAAA271D}.Release|x86.ActiveCfg = Release|iPhone
		{A6637609-9CE6-4BFD-A273-B586DAAA271D}.Release|x86.Build.0 = Release|iPhone
		{50D3F1F5-0EEB-4DBC-B473-6D48D2B9873D}.Debug|Any CPU.ActiveCfg = Debug|Any CPU
		{50D3F1F5-0EEB-4DBC-B473-6D48D2B9873D}.Debug|Any CPU.Build.0 = Debug|Any CPU
		{50D3F1F5-0EEB-4DBC-B473-6D48D2B9873D}.Debug|Any CPU.Deploy.0 = Debug|Any CPU
		{50D3F1F5-0EEB-4DBC-B473-6D48D2B9873D}.Debug|ARM.ActiveCfg = Debug|Any CPU
		{50D3F1F5-0EEB-4DBC-B473-6D48D2B9873D}.Debug|ARM.Build.0 = Debug|Any CPU
		{50D3F1F5-0EEB-4DBC-B473-6D48D2B9873D}.Debug|iPhone.ActiveCfg = Debug|Any CPU
		{50D3F1F5-0EEB-4DBC-B473-6D48D2B9873D}.Debug|iPhone.Build.0 = Debug|Any CPU
		{50D3F1F5-0EEB-4DBC-B473-6D48D2B9873D}.Debug|iPhoneSimulator.ActiveCfg = Debug|Any CPU
		{50D3F1F5-0EEB-4DBC-B473-6D48D2B9873D}.Debug|iPhoneSimulator.Build.0 = Debug|Any CPU
		{50D3F1F5-0EEB-4DBC-B473-6D48D2B9873D}.Debug|x64.ActiveCfg = Debug|Any CPU
		{50D3F1F5-0EEB-4DBC-B473-6D48D2B9873D}.Debug|x64.Build.0 = Debug|Any CPU
		{50D3F1F5-0EEB-4DBC-B473-6D48D2B9873D}.Debug|x86.ActiveCfg = Debug|Any CPU
		{50D3F1F5-0EEB-4DBC-B473-6D48D2B9873D}.Debug|x86.Build.0 = Debug|Any CPU
		{50D3F1F5-0EEB-4DBC-B473-6D48D2B9873D}.Release|Any CPU.ActiveCfg = Release|Any CPU
		{50D3F1F5-0EEB-4DBC-B473-6D48D2B9873D}.Release|Any CPU.Build.0 = Release|Any CPU
		{50D3F1F5-0EEB-4DBC-B473-6D48D2B9873D}.Release|ARM.ActiveCfg = Release|Any CPU
		{50D3F1F5-0EEB-4DBC-B473-6D48D2B9873D}.Release|ARM.Build.0 = Release|Any CPU
		{50D3F1F5-0EEB-4DBC-B473-6D48D2B9873D}.Release|iPhone.ActiveCfg = Release|Any CPU
		{50D3F1F5-0EEB-4DBC-B473-6D48D2B9873D}.Release|iPhone.Build.0 = Release|Any CPU
		{50D3F1F5-0EEB-4DBC-B473-6D48D2B9873D}.Release|iPhoneSimulator.ActiveCfg = Release|Any CPU
		{50D3F1F5-0EEB-4DBC-B473-6D48D2B9873D}.Release|iPhoneSimulator.Build.0 = Release|Any CPU
		{50D3F1F5-0EEB-4DBC-B473-6D48D2B9873D}.Release|x64.ActiveCfg = Release|Any CPU
		{50D3F1F5-0EEB-4DBC-B473-6D48D2B9873D}.Release|x64.Build.0 = Release|Any CPU
		{50D3F1F5-0EEB-4DBC-B473-6D48D2B9873D}.Release|x86.ActiveCfg = Release|Any CPU
		{50D3F1F5-0EEB-4DBC-B473-6D48D2B9873D}.Release|x86.Build.0 = Release|Any CPU
		{5DB3B015-D0A3-4D6E-BE7F-2F89EE1BE837}.Debug|Any CPU.ActiveCfg = Debug|Any CPU
		{5DB3B015-D0A3-4D6E-BE7F-2F89EE1BE837}.Debug|Any CPU.Build.0 = Debug|Any CPU
		{5DB3B015-D0A3-4D6E-BE7F-2F89EE1BE837}.Debug|ARM.ActiveCfg = Debug|Any CPU
		{5DB3B015-D0A3-4D6E-BE7F-2F89EE1BE837}.Debug|ARM.Build.0 = Debug|Any CPU
		{5DB3B015-D0A3-4D6E-BE7F-2F89EE1BE837}.Debug|iPhone.ActiveCfg = Debug|Any CPU
		{5DB3B015-D0A3-4D6E-BE7F-2F89EE1BE837}.Debug|iPhone.Build.0 = Debug|Any CPU
		{5DB3B015-D0A3-4D6E-BE7F-2F89EE1BE837}.Debug|iPhoneSimulator.ActiveCfg = Debug|Any CPU
		{5DB3B015-D0A3-4D6E-BE7F-2F89EE1BE837}.Debug|iPhoneSimulator.Build.0 = Debug|Any CPU
		{5DB3B015-D0A3-4D6E-BE7F-2F89EE1BE837}.Debug|x64.ActiveCfg = Debug|Any CPU
		{5DB3B015-D0A3-4D6E-BE7F-2F89EE1BE837}.Debug|x64.Build.0 = Debug|Any CPU
		{5DB3B015-D0A3-4D6E-BE7F-2F89EE1BE837}.Debug|x86.ActiveCfg = Debug|Any CPU
		{5DB3B015-D0A3-4D6E-BE7F-2F89EE1BE837}.Debug|x86.Build.0 = Debug|Any CPU
		{5DB3B015-D0A3-4D6E-BE7F-2F89EE1BE837}.Release|Any CPU.ActiveCfg = Release|Any CPU
		{5DB3B015-D0A3-4D6E-BE7F-2F89EE1BE837}.Release|Any CPU.Build.0 = Release|Any CPU
		{5DB3B015-D0A3-4D6E-BE7F-2F89EE1BE837}.Release|ARM.ActiveCfg = Release|Any CPU
		{5DB3B015-D0A3-4D6E-BE7F-2F89EE1BE837}.Release|ARM.Build.0 = Release|Any CPU
		{5DB3B015-D0A3-4D6E-BE7F-2F89EE1BE837}.Release|iPhone.ActiveCfg = Release|Any CPU
		{5DB3B015-D0A3-4D6E-BE7F-2F89EE1BE837}.Release|iPhone.Build.0 = Release|Any CPU
		{5DB3B015-D0A3-4D6E-BE7F-2F89EE1BE837}.Release|iPhoneSimulator.ActiveCfg = Release|Any CPU
		{5DB3B015-D0A3-4D6E-BE7F-2F89EE1BE837}.Release|iPhoneSimulator.Build.0 = Release|Any CPU
		{5DB3B015-D0A3-4D6E-BE7F-2F89EE1BE837}.Release|x64.ActiveCfg = Release|Any CPU
		{5DB3B015-D0A3-4D6E-BE7F-2F89EE1BE837}.Release|x64.Build.0 = Release|Any CPU
		{5DB3B015-D0A3-4D6E-BE7F-2F89EE1BE837}.Release|x86.ActiveCfg = Release|Any CPU
		{5DB3B015-D0A3-4D6E-BE7F-2F89EE1BE837}.Release|x86.Build.0 = Release|Any CPU
		{FFFD5DDA-5D79-4576-A9DD-7F46D2374AC9}.Debug|Any CPU.ActiveCfg = Debug|x86
		{FFFD5DDA-5D79-4576-A9DD-7F46D2374AC9}.Debug|ARM.ActiveCfg = Debug|ARM
		{FFFD5DDA-5D79-4576-A9DD-7F46D2374AC9}.Debug|ARM.Build.0 = Debug|ARM
		{FFFD5DDA-5D79-4576-A9DD-7F46D2374AC9}.Debug|ARM.Deploy.0 = Debug|ARM
		{FFFD5DDA-5D79-4576-A9DD-7F46D2374AC9}.Debug|iPhone.ActiveCfg = Debug|x86
		{FFFD5DDA-5D79-4576-A9DD-7F46D2374AC9}.Debug|iPhone.Build.0 = Debug|x86
		{FFFD5DDA-5D79-4576-A9DD-7F46D2374AC9}.Debug|iPhoneSimulator.ActiveCfg = Debug|x86
		{FFFD5DDA-5D79-4576-A9DD-7F46D2374AC9}.Debug|iPhoneSimulator.Build.0 = Debug|x86
		{FFFD5DDA-5D79-4576-A9DD-7F46D2374AC9}.Debug|x64.ActiveCfg = Debug|x64
		{FFFD5DDA-5D79-4576-A9DD-7F46D2374AC9}.Debug|x64.Build.0 = Debug|x64
		{FFFD5DDA-5D79-4576-A9DD-7F46D2374AC9}.Debug|x64.Deploy.0 = Debug|x64
		{FFFD5DDA-5D79-4576-A9DD-7F46D2374AC9}.Debug|x86.ActiveCfg = Debug|x86
		{FFFD5DDA-5D79-4576-A9DD-7F46D2374AC9}.Debug|x86.Build.0 = Debug|x86
		{FFFD5DDA-5D79-4576-A9DD-7F46D2374AC9}.Debug|x86.Deploy.0 = Debug|x86
		{FFFD5DDA-5D79-4576-A9DD-7F46D2374AC9}.Release|Any CPU.ActiveCfg = Release|ARM
		{FFFD5DDA-5D79-4576-A9DD-7F46D2374AC9}.Release|Any CPU.Build.0 = Release|ARM
		{FFFD5DDA-5D79-4576-A9DD-7F46D2374AC9}.Release|Any CPU.Deploy.0 = Release|ARM
		{FFFD5DDA-5D79-4576-A9DD-7F46D2374AC9}.Release|ARM.ActiveCfg = Release|ARM
		{FFFD5DDA-5D79-4576-A9DD-7F46D2374AC9}.Release|ARM.Build.0 = Release|ARM
		{FFFD5DDA-5D79-4576-A9DD-7F46D2374AC9}.Release|ARM.Deploy.0 = Release|ARM
		{FFFD5DDA-5D79-4576-A9DD-7F46D2374AC9}.Release|iPhone.ActiveCfg = Release|x86
		{FFFD5DDA-5D79-4576-A9DD-7F46D2374AC9}.Release|iPhone.Build.0 = Release|x86
		{FFFD5DDA-5D79-4576-A9DD-7F46D2374AC9}.Release|iPhoneSimulator.ActiveCfg = Release|x86
		{FFFD5DDA-5D79-4576-A9DD-7F46D2374AC9}.Release|iPhoneSimulator.Build.0 = Release|x86
		{FFFD5DDA-5D79-4576-A9DD-7F46D2374AC9}.Release|x64.ActiveCfg = Release|x64
		{FFFD5DDA-5D79-4576-A9DD-7F46D2374AC9}.Release|x64.Build.0 = Release|x64
		{FFFD5DDA-5D79-4576-A9DD-7F46D2374AC9}.Release|x64.Deploy.0 = Release|x64
		{FFFD5DDA-5D79-4576-A9DD-7F46D2374AC9}.Release|x86.ActiveCfg = Release|x86
		{FFFD5DDA-5D79-4576-A9DD-7F46D2374AC9}.Release|x86.Build.0 = Release|x86
		{FFFD5DDA-5D79-4576-A9DD-7F46D2374AC9}.Release|x86.Deploy.0 = Release|x86
		{647195C6-E969-49BC-ABEB-B30CE86690C2}.Debug|Any CPU.ActiveCfg = Debug|Any CPU
		{647195C6-E969-49BC-ABEB-B30CE86690C2}.Debug|Any CPU.Build.0 = Debug|Any CPU
		{647195C6-E969-49BC-ABEB-B30CE86690C2}.Debug|ARM.ActiveCfg = Debug|ARM
		{647195C6-E969-49BC-ABEB-B30CE86690C2}.Debug|ARM.Build.0 = Debug|ARM
		{647195C6-E969-49BC-ABEB-B30CE86690C2}.Debug|iPhone.ActiveCfg = Debug|Any CPU
		{647195C6-E969-49BC-ABEB-B30CE86690C2}.Debug|iPhone.Build.0 = Debug|Any CPU
		{647195C6-E969-49BC-ABEB-B30CE86690C2}.Debug|iPhoneSimulator.ActiveCfg = Debug|Any CPU
		{647195C6-E969-49BC-ABEB-B30CE86690C2}.Debug|iPhoneSimulator.Build.0 = Debug|Any CPU
		{647195C6-E969-49BC-ABEB-B30CE86690C2}.Debug|x64.ActiveCfg = Debug|x64
		{647195C6-E969-49BC-ABEB-B30CE86690C2}.Debug|x64.Build.0 = Debug|x64
		{647195C6-E969-49BC-ABEB-B30CE86690C2}.Debug|x86.ActiveCfg = Debug|x86
		{647195C6-E969-49BC-ABEB-B30CE86690C2}.Debug|x86.Build.0 = Debug|x86
		{647195C6-E969-49BC-ABEB-B30CE86690C2}.Release|Any CPU.ActiveCfg = Release|Any CPU
		{647195C6-E969-49BC-ABEB-B30CE86690C2}.Release|Any CPU.Build.0 = Release|Any CPU
		{647195C6-E969-49BC-ABEB-B30CE86690C2}.Release|ARM.ActiveCfg = Release|ARM
		{647195C6-E969-49BC-ABEB-B30CE86690C2}.Release|ARM.Build.0 = Release|ARM
		{647195C6-E969-49BC-ABEB-B30CE86690C2}.Release|iPhone.ActiveCfg = Release|Any CPU
		{647195C6-E969-49BC-ABEB-B30CE86690C2}.Release|iPhone.Build.0 = Release|Any CPU
		{647195C6-E969-49BC-ABEB-B30CE86690C2}.Release|iPhoneSimulator.ActiveCfg = Release|Any CPU
		{647195C6-E969-49BC-ABEB-B30CE86690C2}.Release|iPhoneSimulator.Build.0 = Release|Any CPU
		{647195C6-E969-49BC-ABEB-B30CE86690C2}.Release|x64.ActiveCfg = Release|x64
		{647195C6-E969-49BC-ABEB-B30CE86690C2}.Release|x64.Build.0 = Release|x64
		{647195C6-E969-49BC-ABEB-B30CE86690C2}.Release|x86.ActiveCfg = Release|x86
		{647195C6-E969-49BC-ABEB-B30CE86690C2}.Release|x86.Build.0 = Release|x86
		{0DFA8D49-186E-4C5C-970F-9E10FA85E384}.Debug|Any CPU.ActiveCfg = Debug|x86
		{0DFA8D49-186E-4C5C-970F-9E10FA85E384}.Debug|ARM.ActiveCfg = Debug|ARM
		{0DFA8D49-186E-4C5C-970F-9E10FA85E384}.Debug|ARM.Build.0 = Debug|ARM
		{0DFA8D49-186E-4C5C-970F-9E10FA85E384}.Debug|ARM.Deploy.0 = Debug|ARM
		{0DFA8D49-186E-4C5C-970F-9E10FA85E384}.Debug|iPhone.ActiveCfg = Debug|x86
		{0DFA8D49-186E-4C5C-970F-9E10FA85E384}.Debug|iPhone.Build.0 = Debug|x86
		{0DFA8D49-186E-4C5C-970F-9E10FA85E384}.Debug|iPhoneSimulator.ActiveCfg = Debug|x86
		{0DFA8D49-186E-4C5C-970F-9E10FA85E384}.Debug|iPhoneSimulator.Build.0 = Debug|x86
		{0DFA8D49-186E-4C5C-970F-9E10FA85E384}.Debug|x64.ActiveCfg = Debug|x64
		{0DFA8D49-186E-4C5C-970F-9E10FA85E384}.Debug|x64.Build.0 = Debug|x64
		{0DFA8D49-186E-4C5C-970F-9E10FA85E384}.Debug|x64.Deploy.0 = Debug|x64
		{0DFA8D49-186E-4C5C-970F-9E10FA85E384}.Debug|x86.ActiveCfg = Debug|x86
		{0DFA8D49-186E-4C5C-970F-9E10FA85E384}.Debug|x86.Build.0 = Debug|x86
		{0DFA8D49-186E-4C5C-970F-9E10FA85E384}.Debug|x86.Deploy.0 = Debug|x86
		{0DFA8D49-186E-4C5C-970F-9E10FA85E384}.Release|Any CPU.ActiveCfg = Release|x86
		{0DFA8D49-186E-4C5C-970F-9E10FA85E384}.Release|ARM.ActiveCfg = Release|ARM
		{0DFA8D49-186E-4C5C-970F-9E10FA85E384}.Release|iPhone.ActiveCfg = Release|x86
		{0DFA8D49-186E-4C5C-970F-9E10FA85E384}.Release|iPhone.Build.0 = Release|x86
		{0DFA8D49-186E-4C5C-970F-9E10FA85E384}.Release|iPhoneSimulator.ActiveCfg = Release|x86
		{0DFA8D49-186E-4C5C-970F-9E10FA85E384}.Release|iPhoneSimulator.Build.0 = Release|x86
		{0DFA8D49-186E-4C5C-970F-9E10FA85E384}.Release|x64.ActiveCfg = Release|x64
		{0DFA8D49-186E-4C5C-970F-9E10FA85E384}.Release|x86.ActiveCfg = Release|x86
	EndGlobalSection
	GlobalSection(SolutionProperties) = preSolution
		HideSolutionNode = FALSE
	EndGlobalSection
EndGlobal
